
Microsoft Visual Studio Solution File, Format Version 12.00
# Visual Studio Version 17
VisualStudioVersion = 17.3.32901.215
MinimumVisualStudioVersion = 10.0.40219.1
Project("{FAE04EC0-301F-11D3-BF4B-00C04F79EFBC}") = "projetobancodedados", "projetobancodedados\projetobancodedados.csproj", "{E8EFD5D4-C2FE-47A9-AF0F-98E9AC633516}"
EndProject
Global
	GlobalSection(SolutionConfigurationPlatforms) = preSolution
		Debug|Any CPU = Debug|Any CPU
		Release|Any CPU = Release|Any CPU
	EndGlobalSection
	GlobalSection(ProjectConfigurationPlatforms) = postSolution
		{E8EFD5D4-C2FE-47A9-AF0F-98E9AC633516}.Debug|Any CPU.ActiveCfg = Debug|Any CPU
		{E8EFD5D4-C2FE-47A9-AF0F-98E9AC633516}.Debug|Any CPU.Build.0 = Debug|Any CPU
		{E8EFD5D4-C2FE-47A9-AF0F-98E9AC633516}.Release|Any CPU.ActiveCfg = Release|Any CPU
		{E8EFD5D4-C2FE-47A9-AF0F-98E9AC633516}.Release|Any CPU.Build.0 = Release|Any CPU
	EndGlobalSection
	GlobalSection(SolutionProperties) = preSolution
		HideSolutionNode = FALSE
	EndGlobalSection
	GlobalSection(ExtensibilityGlobals) = postSolution
		SolutionGuid = {CF6D3C82-B583-4E8F-82B8-FC0703B05B3E}
	EndGlobalSection
EndGlobal
